
Microsoft Visual Studio Solution File, Format Version 12.00
# Visual Studio Version 17
VisualStudioVersion = 17.9.34728.123
MinimumVisualStudioVersion = 10.0.40219.1
Project("{FAE04EC0-301F-11D3-BF4B-00C04F79EFBC}") = "SistemaProdutos", "SistemaProdutos\SistemaProdutos.csproj", "{2A4A4E13-5DA9-48BE-B7CB-ACE057EC9669}"
EndProject
Global
	GlobalSection(SolutionConfigurationPlatforms) = preSolution
		Debug|Any CPU = Debug|Any CPU
		Release|Any CPU = Release|Any CPU
	EndGlobalSection
	GlobalSection(ProjectConfigurationPlatforms) = postSolution
		{2A4A4E13-5DA9-48BE-B7CB-ACE057EC9669}.Debug|Any CPU.ActiveCfg = Debug|Any CPU
		{2A4A4E13-5DA9-48BE-B7CB-ACE057EC9669}.Debug|Any CPU.Build.0 = Debug|Any CPU
		{2A4A4E13-5DA9-48BE-B7CB-ACE057EC9669}.Release|Any CPU.ActiveCfg = Release|Any CPU
		{2A4A4E13-5DA9-48BE-B7CB-ACE057EC9669}.Release|Any CPU.Build.0 = Release|Any CPU
	EndGlobalSection
	GlobalSection(SolutionProperties) = preSolution
		HideSolutionNode = FALSE
	EndGlobalSection
	GlobalSection(ExtensibilityGlobals) = postSolution
		SolutionGuid = {38036DE4-3C99-4777-817A-697A2DC51657}
	EndGlobalSection
EndGlobal
